
Microsoft Visual Studio Solution File, Format Version 12.00
# Visual Studio Version 17
VisualStudioVersion = 17.2.32630.192
MinimumVisualStudioVersion = 10.0.40219.1
Project("{FAE04EC0-301F-11D3-BF4B-00C04F79EFBC}") = "Task_12.1.5", "Task_12.1.5\Task_12.1.5.csproj", "{06D4F8A9-8721-4290-9A36-BF3219BAD8EE}"
EndProject
Global
	GlobalSection(SolutionConfigurationPlatforms) = preSolution
		Debug|Any CPU = Debug|Any CPU
		Release|Any CPU = Release|Any CPU
	EndGlobalSection
	GlobalSection(ProjectConfigurationPlatforms) = postSolution
		{06D4F8A9-8721-4290-9A36-BF3219BAD8EE}.Debug|Any CPU.ActiveCfg = Debug|Any CPU
		{06D4F8A9-8721-4290-9A36-BF3219BAD8EE}.Debug|Any CPU.Build.0 = Debug|Any CPU
		{06D4F8A9-8721-4290-9A36-BF3219BAD8EE}.Release|Any CPU.ActiveCfg = Release|Any CPU
		{06D4F8A9-8721-4290-9A36-BF3219BAD8EE}.Release|Any CPU.Build.0 = Release|Any CPU
	EndGlobalSection
	GlobalSection(SolutionProperties) = preSolution
		HideSolutionNode = FALSE
	EndGlobalSection
	GlobalSection(ExtensibilityGlobals) = postSolution
		SolutionGuid = {05D8A34B-DA93-40A5-BE40-0415BD312FF8}
	EndGlobalSection
EndGlobal
